
Microsoft Visual Studio Solution File, Format Version 12.00
# Visual Studio Version 17
VisualStudioVersion = 17.2.32630.192
MinimumVisualStudioVersion = 10.0.40219.1
Project("{9A19103F-16F7-4668-BE54-9A1E7A4F7556}") = "Blog", "Blog\Blog.csproj", "{6A2909A9-E8AA-46E4-A7BA-1E1BA3EF6983}"
EndProject
Project("{2150E333-8FDC-42A3-9474-1A3956D46DE8}") = "Solution Items", "Solution Items", "{C06211EB-EF52-4C11-BE4C-A9249F703BC0}"
	ProjectSection(SolutionItems) = preProject
		.editorconfig = .editorconfig
	EndProjectSection
EndProject
Global
	GlobalSection(SolutionConfigurationPlatforms) = preSolution
		Debug|Any CPU = Debug|Any CPU
		Release|Any CPU = Release|Any CPU
	EndGlobalSection
	GlobalSection(ProjectConfigurationPlatforms) = postSolution
		{6A2909A9-E8AA-46E4-A7BA-1E1BA3EF6983}.Debug|Any CPU.ActiveCfg = Debug|Any CPU
		{6A2909A9-E8AA-46E4-A7BA-1E1BA3EF6983}.Debug|Any CPU.Build.0 = Debug|Any CPU
		{6A2909A9-E8AA-46E4-A7BA-1E1BA3EF6983}.Release|Any CPU.ActiveCfg = Release|Any CPU
		{6A2909A9-E8AA-46E4-A7BA-1E1BA3EF6983}.Release|Any CPU.Build.0 = Release|Any CPU
	EndGlobalSection
	GlobalSection(SolutionProperties) = preSolution
		HideSolutionNode = FALSE
	EndGlobalSection
	GlobalSection(ExtensibilityGlobals) = postSolution
		SolutionGuid = {F7473D62-287A-451B-A3BC-331E680859A2}
	EndGlobalSection
EndGlobal
